// !$*UTF8*$!
{
	archiveVersion = 1;
	classes = {
	};
	objectVersion = 55;
	objects = {

/* Begin PBXBuildFile section */
		D4093C4D272890F900F41BBF /* Assets.xcassets in Resources */ = {isa = PBXBuildFile; fileRef = D4093C3B272890F800F41BBF /* Assets.xcassets */; };
		D4093C4E272890F900F41BBF /* Assets.xcassets in Resources */ = {isa = PBXBuildFile; fileRef = D4093C3B272890F800F41BBF /* Assets.xcassets */; };
		D4093C732728919300F41BBF /* String+isAlphanumeric+localize.swift in Sources */ = {isa = PBXBuildFile; fileRef = D4093C612728919200F41BBF /* String+isAlphanumeric+localize.swift */; };
		D4093C742728919300F41BBF /* String+isAlphanumeric+localize.swift in Sources */ = {isa = PBXBuildFile; fileRef = D4093C612728919200F41BBF /* String+isAlphanumeric+localize.swift */; };
		D4093C752728919300F41BBF /* Episode.swift in Sources */ = {isa = PBXBuildFile; fileRef = D4093C622728919200F41BBF /* Episode.swift */; };
		D4093C762728919300F41BBF /* Episode.swift in Sources */ = {isa = PBXBuildFile; fileRef = D4093C622728919200F41BBF /* Episode.swift */; };
		D4093C772728919300F41BBF /* Collection+safeSubscript.swift in Sources */ = {isa = PBXBuildFile; fileRef = D4093C632728919200F41BBF /* Collection+safeSubscript.swift */; };
		D4093C782728919300F41BBF /* Collection+safeSubscript.swift in Sources */ = {isa = PBXBuildFile; fileRef = D4093C632728919200F41BBF /* Collection+safeSubscript.swift */; };
		D4093C792728919300F41BBF /* CollectionType+toJSONString.swift in Sources */ = {isa = PBXBuildFile; fileRef = D4093C642728919200F41BBF /* CollectionType+toJSONString.swift */; };
		D4093C7A2728919300F41BBF /* CollectionType+toJSONString.swift in Sources */ = {isa = PBXBuildFile; fileRef = D4093C642728919200F41BBF /* CollectionType+toJSONString.swift */; };
		D4093C7B2728919300F41BBF /* Date+new+written+toString.swift in Sources */ = {isa = PBXBuildFile; fileRef = D4093C652728919200F41BBF /* Date+new+written+toString.swift */; };
		D4093C7C2728919300F41BBF /* Date+new+written+toString.swift in Sources */ = {isa = PBXBuildFile; fileRef = D4093C652728919200F41BBF /* Date+new+written+toString.swift */; };
		D4093C7F2728919300F41BBF /* AllEpisodeView.swift in Sources */ = {isa = PBXBuildFile; fileRef = D4093C672728919300F41BBF /* AllEpisodeView.swift */; };
		D4093C802728919300F41BBF /* AllEpisodeView.swift in Sources */ = {isa = PBXBuildFile; fileRef = D4093C672728919300F41BBF /* AllEpisodeView.swift */; };
		D4093C812728919300F41BBF /* Observer.swift in Sources */ = {isa = PBXBuildFile; fileRef = D4093C682728919300F41BBF /* Observer.swift */; };
		D4093C822728919300F41BBF /* Observer.swift in Sources */ = {isa = PBXBuildFile; fileRef = D4093C682728919300F41BBF /* Observer.swift */; };
		D4093C832728919300F41BBF /* TitleCardView.swift in Sources */ = {isa = PBXBuildFile; fileRef = D4093C692728919300F41BBF /* TitleCardView.swift */; };
		D4093C842728919300F41BBF /* TitleCardView.swift in Sources */ = {isa = PBXBuildFile; fileRef = D4093C692728919300F41BBF /* TitleCardView.swift */; };
		D4093C852728919300F41BBF /* Int+toWord.swift in Sources */ = {isa = PBXBuildFile; fileRef = D4093C6A2728919300F41BBF /* Int+toWord.swift */; };
		D4093C862728919300F41BBF /* Int+toWord.swift in Sources */ = {isa = PBXBuildFile; fileRef = D4093C6A2728919300F41BBF /* Int+toWord.swift */; };
		D4093C872728919300F41BBF /* ContentView.swift in Sources */ = {isa = PBXBuildFile; fileRef = D4093C6B2728919300F41BBF /* ContentView.swift */; };
		D4093C882728919300F41BBF /* ContentView.swift in Sources */ = {isa = PBXBuildFile; fileRef = D4093C6B2728919300F41BBF /* ContentView.swift */; };
		D4093C892728919300F41BBF /* SubText.swift in Sources */ = {isa = PBXBuildFile; fileRef = D4093C6C2728919300F41BBF /* SubText.swift */; };
		D4093C8A2728919300F41BBF /* SubText.swift in Sources */ = {isa = PBXBuildFile; fileRef = D4093C6C2728919300F41BBF /* SubText.swift */; };
		D4093C8B2728919300F41BBF /* SeasonType.swift in Sources */ = {isa = PBXBuildFile; fileRef = D4093C6D2728919300F41BBF /* SeasonType.swift */; };
		D4093C8C2728919300F41BBF /* SeasonType.swift in Sources */ = {isa = PBXBuildFile; fileRef = D4093C6D2728919300F41BBF /* SeasonType.swift */; };
		D4093C8D2728919300F41BBF /* Array+before+after.swift in Sources */ = {isa = PBXBuildFile; fileRef = D4093C6E2728919300F41BBF /* Array+before+after.swift */; };
		D4093C8E2728919300F41BBF /* Array+before+after.swift in Sources */ = {isa = PBXBuildFile; fileRef = D4093C6E2728919300F41BBF /* Array+before+after.swift */; };
		D4093C8F2728919300F41BBF /* Show.swift in Sources */ = {isa = PBXBuildFile; fileRef = D4093C6F2728919300F41BBF /* Show.swift */; };
		D4093C902728919300F41BBF /* Show.swift in Sources */ = {isa = PBXBuildFile; fileRef = D4093C6F2728919300F41BBF /* Show.swift */; };
		D4093C912728919300F41BBF /* URL+ExpressibleByStringLiteral.swift in Sources */ = {isa = PBXBuildFile; fileRef = D4093C702728919300F41BBF /* URL+ExpressibleByStringLiteral.swift */; };
		D4093C922728919300F41BBF /* URL+ExpressibleByStringLiteral.swift in Sources */ = {isa = PBXBuildFile; fileRef = D4093C702728919300F41BBF /* URL+ExpressibleByStringLiteral.swift */; };
		D4093C932728919300F41BBF /* Observable.swift in Sources */ = {isa = PBXBuildFile; fileRef = D4093C712728919300F41BBF /* Observable.swift */; };
		D4093C942728919300F41BBF /* Observable.swift in Sources */ = {isa = PBXBuildFile; fileRef = D4093C712728919300F41BBF /* Observable.swift */; };
		D4093C952728919300F41BBF /* LoaderView.swift in Sources */ = {isa = PBXBuildFile; fileRef = D4093C722728919300F41BBF /* LoaderView.swift */; };
		D4093C962728919300F41BBF /* LoaderView.swift in Sources */ = {isa = PBXBuildFile; fileRef = D4093C722728919300F41BBF /* LoaderView.swift */; };
		D4093C98272891C000F41BBF /* ShowDictionaryApp.swift in Sources */ = {isa = PBXBuildFile; fileRef = D4093C97272891BF00F41BBF /* ShowDictionaryApp.swift */; };
		D4093C99272891C000F41BBF /* ShowDictionaryApp.swift in Sources */ = {isa = PBXBuildFile; fileRef = D4093C97272891BF00F41BBF /* ShowDictionaryApp.swift */; };
/* End PBXBuildFile section */

/* Begin PBXFileReference section */
		D4093C3B272890F800F41BBF /* Assets.xcassets */ = {isa = PBXFileReference; lastKnownFileType = folder.assetcatalog; path = Assets.xcassets; sourceTree = "<group>"; };
		D4093C40272890F900F41BBF /* ShowDictionary.app */ = {isa = PBXFileReference; explicitFileType = wrapper.application; includeInIndex = 0; path = ShowDictionary.app; sourceTree = BUILT_PRODUCTS_DIR; };
		D4093C46272890F900F41BBF /* ShowDictionary.app */ = {isa = PBXFileReference; explicitFileType = wrapper.application; includeInIndex = 0; path = ShowDictionary.app; sourceTree = BUILT_PRODUCTS_DIR; };
		D4093C48272890F900F41BBF /* macOS.entitlements */ = {isa = PBXFileReference; lastKnownFileType = text.plist.entitlements; path = macOS.entitlements; sourceTree = "<group>"; };
		D4093C612728919200F41BBF /* String+isAlphanumeric+localize.swift */ = {isa = PBXFileReference; fileEncoding = 4; lastKnownFileType = sourcecode.swift; path = "String+isAlphanumeric+localize.swift"; sourceTree = "<group>"; };
		D4093C622728919200F41BBF /* Episode.swift */ = {isa = PBXFileReference; fileEncoding = 4; lastKnownFileType = sourcecode.swift; path = Episode.swift; sourceTree = "<group>"; };
		D4093C632728919200F41BBF /* Collection+safeSubscript.swift */ = {isa = PBXFileReference; fileEncoding = 4; lastKnownFileType = sourcecode.swift; path = "Collection+safeSubscript.swift"; sourceTree = "<group>"; };
		D4093C642728919200F41BBF /* CollectionType+toJSONString.swift */ = {isa = PBXFileReference; fileEncoding = 4; lastKnownFileType = sourcecode.swift; path = "CollectionType+toJSONString.swift"; sourceTree = "<group>"; };
		D4093C652728919200F41BBF /* Date+new+written+toString.swift */ = {isa = PBXFileReference; fileEncoding = 4; lastKnownFileType = sourcecode.swift; path = "Date+new+written+toString.swift"; sourceTree = "<group>"; };
		D4093C672728919300F41BBF /* AllEpisodeView.swift */ = {isa = PBXFileReference; fileEncoding = 4; lastKnownFileType = sourcecode.swift; path = AllEpisodeView.swift; sourceTree = "<group>"; };
		D4093C682728919300F41BBF /* Observer.swift */ = {isa = PBXFileReference; fileEncoding = 4; lastKnownFileType = sourcecode.swift; path = Observer.swift; sourceTree = "<group>"; };
		D4093C692728919300F41BBF /* TitleCardView.swift */ = {isa = PBXFileReference; fileEncoding = 4; lastKnownFileType = sourcecode.swift; path = TitleCardView.swift; sourceTree = "<group>"; };
		D4093C6A2728919300F41BBF /* Int+toWord.swift */ = {isa = PBXFileReference; fileEncoding = 4; lastKnownFileType = sourcecode.swift; path = "Int+toWord.swift"; sourceTree = "<group>"; };
		D4093C6B2728919300F41BBF /* ContentView.swift */ = {isa = PBXFileReference; fileEncoding = 4; lastKnownFileType = sourcecode.swift; path = ContentView.swift; sourceTree = "<group>"; };
		D4093C6C2728919300F41BBF /* SubText.swift */ = {isa = PBXFileReference; fileEncoding = 4; lastKnownFileType = sourcecode.swift; path = SubText.swift; sourceTree = "<group>"; };
		D4093C6D2728919300F41BBF /* SeasonType.swift */ = {isa = PBXFileReference; fileEncoding = 4; lastKnownFileType = sourcecode.swift; path = SeasonType.swift; sourceTree = "<group>"; };
		D4093C6E2728919300F41BBF /* Array+before+after.swift */ = {isa = PBXFileReference; fileEncoding = 4; lastKnownFileType = sourcecode.swift; path = "Array+before+after.swift"; sourceTree = "<group>"; };
		D4093C6F2728919300F41BBF /* Show.swift */ = {isa = PBXFileReference; fileEncoding = 4; lastKnownFileType = sourcecode.swift; path = Show.swift; sourceTree = "<group>"; };
		D4093C702728919300F41BBF /* URL+ExpressibleByStringLiteral.swift */ = {isa = PBXFileReference; fileEncoding = 4; lastKnownFileType = sourcecode.swift; path = "URL+ExpressibleByStringLiteral.swift"; sourceTree = "<group>"; };
		D4093C712728919300F41BBF /* Observable.swift */ = {isa = PBXFileReference; fileEncoding = 4; lastKnownFileType = sourcecode.swift; path = Observable.swift; sourceTree = "<group>"; };
		D4093C722728919300F41BBF /* LoaderView.swift */ = {isa = PBXFileReference; fileEncoding = 4; lastKnownFileType = sourcecode.swift; path = LoaderView.swift; sourceTree = "<group>"; };
		D4093C97272891BF00F41BBF /* ShowDictionaryApp.swift */ = {isa = PBXFileReference; fileEncoding = 4; lastKnownFileType = sourcecode.swift; path = ShowDictionaryApp.swift; sourceTree = "<group>"; };
/* End PBXFileReference section */

/* Begin PBXFrameworksBuildPhase section */
		D4093C3D272890F900F41BBF /* Frameworks */ = {
			isa = PBXFrameworksBuildPhase;
			buildActionMask = 2147483647;
			files = (
			);
			runOnlyForDeploymentPostprocessing = 0;
		};
		D4093C43272890F900F41BBF /* Frameworks */ = {
			isa = PBXFrameworksBuildPhase;
			buildActionMask = 2147483647;
			files = (
			);
			runOnlyForDeploymentPostprocessing = 0;
		};
/* End PBXFrameworksBuildPhase section */

/* Begin PBXGroup section */
		D4093C33272890F000F41BBF = {
			isa = PBXGroup;
			children = (
				D4093C38272890F000F41BBF /* Shared */,
				D4093C47272890F900F41BBF /* macOS */,
				D4093C41272890F900F41BBF /* Products */,
			);
			sourceTree = "<group>";
		};
		D4093C38272890F000F41BBF /* Shared */ = {
			isa = PBXGroup;
			children = (
				D4093C5B2728913400F41BBF /* Classes */,
				D4093C592728912B00F41BBF /* Enums */,
				D4093C572728912000F41BBF /* Extensions */,
				D4093C5D2728913B00F41BBF /* Lifecyle */,
				D4093C5A2728912F00F41BBF /* Models */,
				D4093C582728912500F41BBF /* Protocols */,
				D4093C5C2728913800F41BBF /* Views */,
				D4093C3B272890F800F41BBF /* Assets.xcassets */,
			);
			path = Shared;
			sourceTree = "<group>";
		};
		D4093C41272890F900F41BBF /* Products */ = {
			isa = PBXGroup;
			children = (
				D4093C40272890F900F41BBF /* ShowDictionary.app */,
				D4093C46272890F900F41BBF /* ShowDictionary.app */,
			);
			name = Products;
			sourceTree = "<group>";
		};
		D4093C47272890F900F41BBF /* macOS */ = {
			isa = PBXGroup;
			children = (
				D4093C48272890F900F41BBF /* macOS.entitlements */,
			);
			path = macOS;
			sourceTree = "<group>";
		};
		D4093C572728912000F41BBF /* Extensions */ = {
			isa = PBXGroup;
			children = (
				D4093C6E2728919300F41BBF /* Array+before+after.swift */,
				D4093C632728919200F41BBF /* Collection+safeSubscript.swift */,
				D4093C642728919200F41BBF /* CollectionType+toJSONString.swift */,
				D4093C652728919200F41BBF /* Date+new+written+toString.swift */,
				D4093C6A2728919300F41BBF /* Int+toWord.swift */,
				D4093C612728919200F41BBF /* String+isAlphanumeric+localize.swift */,
				D4093C702728919300F41BBF /* URL+ExpressibleByStringLiteral.swift */,
			);
			name = Extensions;
			sourceTree = "<group>";
		};
		D4093C582728912500F41BBF /* Protocols */ = {
			isa = PBXGroup;
			children = (
				D4093C712728919300F41BBF /* Observable.swift */,
			);
			name = Protocols;
			sourceTree = "<group>";
		};
		D4093C592728912B00F41BBF /* Enums */ = {
			isa = PBXGroup;
			children = (
				D4093C6D2728919300F41BBF /* SeasonType.swift */,
			);
			name = Enums;
			sourceTree = "<group>";
		};
		D4093C5A2728912F00F41BBF /* Models */ = {
			isa = PBXGroup;
			children = (
				D4093C622728919200F41BBF /* Episode.swift */,
				D4093C6F2728919300F41BBF /* Show.swift */,
			);
			name = Models;
			sourceTree = "<group>";
		};
		D4093C5B2728913400F41BBF /* Classes */ = {
			isa = PBXGroup;
			children = (
				D4093C682728919300F41BBF /* Observer.swift */,
			);
			name = Classes;
			sourceTree = "<group>";
		};
		D4093C5C2728913800F41BBF /* Views */ = {
			isa = PBXGroup;
			children = (
				D4093C672728919300F41BBF /* AllEpisodeView.swift */,
				D4093C6B2728919300F41BBF /* ContentView.swift */,
				D4093C602728915200F41BBF /* Helper Views */,
				D4093C5E2728914300F41BBF /* ViewBuilders */,
				D4093C5F2728914900F41BBF /* ViewModifiers */,
			);
			name = Views;
			sourceTree = "<group>";
		};
		D4093C5D2728913B00F41BBF /* Lifecyle */ = {
			isa = PBXGroup;
			children = (
				D4093C97272891BF00F41BBF /* ShowDictionaryApp.swift */,
			);
			name = Lifecyle;
			sourceTree = "<group>";
		};
		D4093C5E2728914300F41BBF /* ViewBuilders */ = {
			isa = PBXGroup;
			children = (
				D4093C722728919300F41BBF /* LoaderView.swift */,
			);
			name = ViewBuilders;
			sourceTree = "<group>";
		};
		D4093C5F2728914900F41BBF /* ViewModifiers */ = {
			isa = PBXGroup;
			children = (
				D4093C6C2728919300F41BBF /* SubText.swift */,
			);
			name = ViewModifiers;
			sourceTree = "<group>";
		};
		D4093C602728915200F41BBF /* Helper Views */ = {
			isa = PBXGroup;
			children = (
				D4093C692728919300F41BBF /* TitleCardView.swift */,
			);
			name = "Helper Views";
			sourceTree = "<group>";
		};
/* End PBXGroup section */

/* Begin PBXNativeTarget section */
		D4093C3F272890F900F41BBF /* ShowDictionary (iOS) */ = {
			isa = PBXNativeTarget;
			buildConfigurationList = D4093C51272890F900F41BBF /* Build configuration list for PBXNativeTarget "ShowDictionary (iOS)" */;
			buildPhases = (
				D4093C3C272890F900F41BBF /* Sources */,
				D4093C3D272890F900F41BBF /* Frameworks */,
				D4093C3E272890F900F41BBF /* Resources */,
			);
			buildRules = (
			);
			dependencies = (
			);
			name = "ShowDictionary (iOS)";
			productName = "ShowDictionary (iOS)";
			productReference = D4093C40272890F900F41BBF /* ShowDictionary.app */;
			productType = "com.apple.product-type.application";
		};
		D4093C45272890F900F41BBF /* ShowDictionary (macOS) */ = {
			isa = PBXNativeTarget;
			buildConfigurationList = D4093C54272890F900F41BBF /* Build configuration list for PBXNativeTarget "ShowDictionary (macOS)" */;
			buildPhases = (
				D4093C42272890F900F41BBF /* Sources */,
				D4093C43272890F900F41BBF /* Frameworks */,
				D4093C44272890F900F41BBF /* Resources */,
			);
			buildRules = (
			);
			dependencies = (
			);
			name = "ShowDictionary (macOS)";
			productName = "ShowDictionary (macOS)";
			productReference = D4093C46272890F900F41BBF /* ShowDictionary.app */;
			productType = "com.apple.product-type.application";
		};
/* End PBXNativeTarget section */

/* Begin PBXProject section */
		D4093C34272890F000F41BBF /* Project object */ = {
			isa = PBXProject;
			attributes = {
				BuildIndependentTargetsInParallel = 1;
				LastSwiftUpdateCheck = 1310;
				LastUpgradeCheck = 1310;
				TargetAttributes = {
					D4093C3F272890F900F41BBF = {
						CreatedOnToolsVersion = 13.1;
					};
					D4093C45272890F900F41BBF = {
						CreatedOnToolsVersion = 13.1;
					};
				};
			};
			buildConfigurationList = D4093C37272890F000F41BBF /* Build configuration list for PBXProject "ShowDictionary" */;
			compatibilityVersion = "Xcode 13.0";
			developmentRegion = en;
			hasScannedForEncodings = 0;
			knownRegions = (
				en,
				Base,
				"pt-PT",
				es,
				fr,
				it,
			);
			mainGroup = D4093C33272890F000F41BBF;
			productRefGroup = D4093C41272890F900F41BBF /* Products */;
			projectDirPath = "";
			projectRoot = "";
			targets = (
				D4093C3F272890F900F41BBF /* ShowDictionary (iOS) */,
				D4093C45272890F900F41BBF /* ShowDictionary (macOS) */,
			);
		};
/* End PBXProject section */

/* Begin PBXResourcesBuildPhase section */
		D4093C3E272890F900F41BBF /* Resources */ = {
			isa = PBXResourcesBuildPhase;
			buildActionMask = 2147483647;
			files = (
				D4093C4D272890F900F41BBF /* Assets.xcassets in Resources */,
			);
			runOnlyForDeploymentPostprocessing = 0;
		};
		D4093C44272890F900F41BBF /* Resources */ = {
			isa = PBXResourcesBuildPhase;
			buildActionMask = 2147483647;
			files = (
				D4093C4E272890F900F41BBF /* Assets.xcassets in Resources */,
			);
			runOnlyForDeploymentPostprocessing = 0;
		};
/* End PBXResourcesBuildPhase section */

/* Begin PBXSourcesBuildPhase section */
		D4093C3C272890F900F41BBF /* Sources */ = {
			isa = PBXSourcesBuildPhase;
			buildActionMask = 2147483647;
			files = (
				D4093C7B2728919300F41BBF /* Date+new+written+toString.swift in Sources */,
				D4093C812728919300F41BBF /* Observer.swift in Sources */,
				D4093C872728919300F41BBF /* ContentView.swift in Sources */,
				D4093C8D2728919300F41BBF /* Array+before+after.swift in Sources */,
				D4093C932728919300F41BBF /* Observable.swift in Sources */,
				D4093C732728919300F41BBF /* String+isAlphanumeric+localize.swift in Sources */,
				D4093C752728919300F41BBF /* Episode.swift in Sources */,
				D4093C952728919300F41BBF /* LoaderView.swift in Sources */,
				D4093C8F2728919300F41BBF /* Show.swift in Sources */,
				D4093C772728919300F41BBF /* Collection+safeSubscript.swift in Sources */,
				D4093C912728919300F41BBF /* URL+ExpressibleByStringLiteral.swift in Sources */,
				D4093C7F2728919300F41BBF /* AllEpisodeView.swift in Sources */,
				D4093C8B2728919300F41BBF /* SeasonType.swift in Sources */,
				D4093C98272891C000F41BBF /* ShowDictionaryApp.swift in Sources */,
				D4093C892728919300F41BBF /* SubText.swift in Sources */,
				D4093C792728919300F41BBF /* CollectionType+toJSONString.swift in Sources */,
				D4093C852728919300F41BBF /* Int+toWord.swift in Sources */,
				D4093C832728919300F41BBF /* TitleCardView.swift in Sources */,
			);
			runOnlyForDeploymentPostprocessing = 0;
		};
		D4093C42272890F900F41BBF /* Sources */ = {
			isa = PBXSourcesBuildPhase;
			buildActionMask = 2147483647;
			files = (
				D4093C7C2728919300F41BBF /* Date+new+written+toString.swift in Sources */,
				D4093C822728919300F41BBF /* Observer.swift in Sources */,
				D4093C882728919300F41BBF /* ContentView.swift in Sources */,
				D4093C8E2728919300F41BBF /* Array+before+after.swift in Sources */,
				D4093C942728919300F41BBF /* Observable.swift in Sources */,
				D4093C742728919300F41BBF /* String+isAlphanumeric+localize.swift in Sources */,
				D4093C762728919300F41BBF /* Episode.swift in Sources */,
				D4093C962728919300F41BBF /* LoaderView.swift in Sources */,
				D4093C902728919300F41BBF /* Show.swift in Sources */,
				D4093C782728919300F41BBF /* Collection+safeSubscript.swift in Sources */,
				D4093C922728919300F41BBF /* URL+ExpressibleByStringLiteral.swift in Sources */,
				D4093C802728919300F41BBF /* AllEpisodeView.swift in Sources */,
				D4093C8C2728919300F41BBF /* SeasonType.swift in Sources */,
				D4093C99272891C000F41BBF /* ShowDictionaryApp.swift in Sources */,
				D4093C8A2728919300F41BBF /* SubText.swift in Sources */,
				D4093C7A2728919300F41BBF /* CollectionType+toJSONString.swift in Sources */,
				D4093C862728919300F41BBF /* Int+toWord.swift in Sources */,
				D4093C842728919300F41BBF /* TitleCardView.swift in Sources */,
			);
			runOnlyForDeploymentPostprocessing = 0;
		};
/* End PBXSourcesBuildPhase section */

/* Begin XCBuildConfiguration section */
		D4093C4F272890F900F41BBF /* Debug */ = {
			isa = XCBuildConfiguration;
			buildSettings = {
				ALWAYS_SEARCH_USER_PATHS = NO;
				CLANG_ANALYZER_NONNULL = YES;
				CLANG_ANALYZER_NUMBER_OBJECT_CONVERSION = YES_AGGRESSIVE;
				CLANG_CXX_LANGUAGE_STANDARD = "gnu++17";
				CLANG_CXX_LIBRARY = "libc++";
				CLANG_ENABLE_MODULES = YES;
				CLANG_ENABLE_OBJC_ARC = YES;
				CLANG_ENABLE_OBJC_WEAK = YES;
				CLANG_WARN_BLOCK_CAPTURE_AUTORELEASING = YES;
				CLANG_WARN_BOOL_CONVERSION = YES;
				CLANG_WARN_COMMA = YES;
				CLANG_WARN_CONSTANT_CONVERSION = YES;
				CLANG_WARN_DEPRECATED_OBJC_IMPLEMENTATIONS = YES;
				CLANG_WARN_DIRECT_OBJC_ISA_USAGE = YES_ERROR;
				CLANG_WARN_DOCUMENTATION_COMMENTS = YES;
				CLANG_WARN_EMPTY_BODY = YES;
				CLANG_WARN_ENUM_CONVERSION = YES;
				CLANG_WARN_INFINITE_RECURSION = YES;
				CLANG_WARN_INT_CONVERSION = YES;
				CLANG_WARN_NON_LITERAL_NULL_CONVERSION = YES;
				CLANG_WARN_OBJC_IMPLICIT_RETAIN_SELF = YES;
				CLANG_WARN_OBJC_LITERAL_CONVERSION = YES;
				CLANG_WARN_OBJC_ROOT_CLASS = YES_ERROR;
				CLANG_WARN_QUOTED_INCLUDE_IN_FRAMEWORK_HEADER = YES;
				CLANG_WARN_RANGE_LOOP_ANALYSIS = YES;
				CLANG_WARN_STRICT_PROTOTYPES = YES;
				CLANG_WARN_SUSPICIOUS_MOVE = YES;
				CLANG_WARN_UNGUARDED_AVAILABILITY = YES_AGGRESSIVE;
				CLANG_WARN_UNREACHABLE_CODE = YES;
				CLANG_WARN__DUPLICATE_METHOD_MATCH = YES;
				COPY_PHASE_STRIP = NO;
				DEBUG_INFORMATION_FORMAT = dwarf;
				ENABLE_STRICT_OBJC_MSGSEND = YES;
				ENABLE_TESTABILITY = YES;
				GCC_C_LANGUAGE_STANDARD = gnu11;
				GCC_DYNAMIC_NO_PIC = NO;
				GCC_NO_COMMON_BLOCKS = YES;
				GCC_OPTIMIZATION_LEVEL = 0;
				GCC_PREPROCESSOR_DEFINITIONS = (
					"DEBUG=1",
					"$(inherited)",
				);
				GCC_WARN_64_TO_32_BIT_CONVERSION = YES;
				GCC_WARN_ABOUT_RETURN_TYPE = YES_ERROR;
				GCC_WARN_UNDECLARED_SELECTOR = YES;
				GCC_WARN_UNINITIALIZED_AUTOS = YES_AGGRESSIVE;
				GCC_WARN_UNUSED_FUNCTION = YES;
				GCC_WARN_UNUSED_VARIABLE = YES;
				MTL_ENABLE_DEBUG_INFO = INCLUDE_SOURCE;
				MTL_FAST_MATH = YES;
				ONLY_ACTIVE_ARCH = YES;
				SWIFT_ACTIVE_COMPILATION_CONDITIONS = DEBUG;
				SWIFT_OPTIMIZATION_LEVEL = "-Onone";
			};
			name = Debug;
		};
		D4093C50272890F900F41BBF /* Release */ = {
			isa = XCBuildConfiguration;
			buildSettings = {
				ALWAYS_SEARCH_USER_PATHS = NO;
				CLANG_ANALYZER_NONNULL = YES;
				CLANG_ANALYZER_NUMBER_OBJECT_CONVERSION = YES_AGGRESSIVE;
				CLANG_CXX_LANGUAGE_STANDARD = "gnu++17";
				CLANG_CXX_LIBRARY = "libc++";
				CLANG_ENABLE_MODULES = YES;
				CLANG_ENABLE_OBJC_ARC = YES;
				CLANG_ENABLE_OBJC_WEAK = YES;
				CLANG_WARN_BLOCK_CAPTURE_AUTORELEASING = YES;
				CLANG_WARN_BOOL_CONVERSION = YES;
				CLANG_WARN_COMMA = YES;
				CLANG_WARN_CONSTANT_CONVERSION = YES;
				CLANG_WARN_DEPRECATED_OBJC_IMPLEMENTATIONS = YES;
				CLANG_WARN_DIRECT_OBJC_ISA_USAGE = YES_ERROR;
				CLANG_WARN_DOCUMENTATION_COMMENTS = YES;
				CLANG_WARN_EMPTY_BODY = YES;
				CLANG_WARN_ENUM_CONVERSION = YES;
				CLANG_WARN_INFINITE_RECURSION = YES;
				CLANG_WARN_INT_CONVERSION = YES;
				CLANG_WARN_NON_LITERAL_NULL_CONVERSION = YES;
				CLANG_WARN_OBJC_IMPLICIT_RETAIN_SELF = YES;
				CLANG_WARN_OBJC_LITERAL_CONVERSION = YES;
				CLANG_WARN_OBJC_ROOT_CLASS = YES_ERROR;
				CLANG_WARN_QUOTED_INCLUDE_IN_FRAMEWORK_HEADER = YES;
				CLANG_WARN_RANGE_LOOP_ANALYSIS = YES;
				CLANG_WARN_STRICT_PROTOTYPES = YES;
				CLANG_WARN_SUSPICIOUS_MOVE = YES;
				CLANG_WARN_UNGUARDED_AVAILABILITY = YES_AGGRESSIVE;
				CLANG_WARN_UNREACHABLE_CODE = YES;
				CLANG_WARN__DUPLICATE_METHOD_MATCH = YES;
				COPY_PHASE_STRIP = NO;
				DEBUG_INFORMATION_FORMAT = "dwarf-with-dsym";
				ENABLE_NS_ASSERTIONS = NO;
				ENABLE_STRICT_OBJC_MSGSEND = YES;
				GCC_C_LANGUAGE_STANDARD = gnu11;
				GCC_NO_COMMON_BLOCKS = YES;
				GCC_WARN_64_TO_32_BIT_CONVERSION = YES;
				GCC_WARN_ABOUT_RETURN_TYPE = YES_ERROR;
				GCC_WARN_UNDECLARED_SELECTOR = YES;
				GCC_WARN_UNINITIALIZED_AUTOS = YES_AGGRESSIVE;
				GCC_WARN_UNUSED_FUNCTION = YES;
				GCC_WARN_UNUSED_VARIABLE = YES;
				MTL_ENABLE_DEBUG_INFO = NO;
				MTL_FAST_MATH = YES;
				SWIFT_COMPILATION_MODE = wholemodule;
				SWIFT_OPTIMIZATION_LEVEL = "-O";
			};
			name = Release;
		};
		D4093C52272890F900F41BBF /* Debug */ = {
			isa = XCBuildConfiguration;
			buildSettings = {
				ASSETCATALOG_COMPILER_APPICON_NAME = AppIcon;
				ASSETCATALOG_COMPILER_GLOBAL_ACCENT_COLOR_NAME = AccentColor;
				CODE_SIGN_STYLE = Automatic;
				CURRENT_PROJECT_VERSION = 1;
				DEVELOPMENT_TEAM = RN9D88P79F;
				ENABLE_PREVIEWS = YES;
				GENERATE_INFOPLIST_FILE = YES;
				INFOPLIST_KEY_UIApplicationSceneManifest_Generation = YES;
				INFOPLIST_KEY_UIApplicationSupportsIndirectInputEvents = YES;
				INFOPLIST_KEY_UILaunchScreen_Generation = YES;
				INFOPLIST_KEY_UISupportedInterfaceOrientations_iPad = "UIInterfaceOrientationPortrait UIInterfaceOrientationPortraitUpsideDown UIInterfaceOrientationLandscapeLeft UIInterfaceOrientationLandscapeRight";
				INFOPLIST_KEY_UISupportedInterfaceOrientations_iPhone = "UIInterfaceOrientationPortrait UIInterfaceOrientationLandscapeLeft UIInterfaceOrientationLandscapeRight";
				IPHONEOS_DEPLOYMENT_TARGET = 15.0;
				LD_RUNPATH_SEARCH_PATHS = (
					"$(inherited)",
					"@executable_path/Frameworks",
				);
				MARKETING_VERSION = 1.0;
				PRODUCT_BUNDLE_IDENTIFIER = com.wilcoxcurtis.ShowDictionary;
				PRODUCT_NAME = ShowDictionary;
				SDKROOT = iphoneos;
				SWIFT_EMIT_LOC_STRINGS = YES;
				SWIFT_VERSION = 5.0;
				TARGETED_DEVICE_FAMILY = "1,2";
			};
			name = Debug;
		};
		D4093C53272890F900F41BBF /* Release */ = {
			isa = XCBuildConfiguration;
			buildSettings = {
				ASSETCATALOG_COMPILER_APPICON_NAME = AppIcon;
				ASSETCATALOG_COMPILER_GLOBAL_ACCENT_COLOR_NAME = AccentColor;
				CODE_SIGN_STYLE = Automatic;
				CURRENT_PROJECT_VERSION = 1;
				DEVELOPMENT_TEAM = RN9D88P79F;
				ENABLE_PREVIEWS = YES;
				GENERATE_INFOPLIST_FILE = YES;
				INFOPLIST_KEY_UIApplicationSceneManifest_Generation = YES;
				INFOPLIST_KEY_UIApplicationSupportsIndirectInputEvents = YES;
				INFOPLIST_KEY_UILaunchScreen_Generation = YES;
				INFOPLIST_KEY_UISupportedInterfaceOrientations_iPad = "UIInterfaceOrientationPortrait UIInterfaceOrientationPortraitUpsideDown UIInterfaceOrientationLandscapeLeft UIInterfaceOrientationLandscapeRight";
				INFOPLIST_KEY_UISupportedInterfaceOrientations_iPhone = "UIInterfaceOrientationPortrait UIInterfaceOrientationLandscapeLeft UIInterfaceOrientationLandscapeRight";
				IPHONEOS_DEPLOYMENT_TARGET = 15.0;
				LD_RUNPATH_SEARCH_PATHS = (
					"$(inherited)",
					"@executable_path/Frameworks",
				);
				MARKETING_VERSION = 1.0;
				PRODUCT_BUNDLE_IDENTIFIER = com.wilcoxcurtis.ShowDictionary;
				PRODUCT_NAME = ShowDictionary;
				SDKROOT = iphoneos;
				SWIFT_EMIT_LOC_STRINGS = YES;
				SWIFT_VERSION = 5.0;
				TARGETED_DEVICE_FAMILY = "1,2";
				VALIDATE_PRODUCT = YES;
			};
			name = Release;
		};
		D4093C55272890F900F41BBF /* Debug */ = {
			isa = XCBuildConfiguration;
			buildSettings = {
				ASSETCATALOG_COMPILER_APPICON_NAME = AppIcon;
				ASSETCATALOG_COMPILER_GLOBAL_ACCENT_COLOR_NAME = AccentColor;
				CODE_SIGN_ENTITLEMENTS = macOS/macOS.entitlements;
				CODE_SIGN_STYLE = Automatic;
				COMBINE_HIDPI_IMAGES = YES;
				CURRENT_PROJECT_VERSION = 1;
				DEVELOPMENT_TEAM = RN9D88P79F;
				ENABLE_HARDENED_RUNTIME = YES;
				ENABLE_PREVIEWS = YES;
				GENERATE_INFOPLIST_FILE = YES;
				INFOPLIST_KEY_NSHumanReadableCopyright = "";
				LD_RUNPATH_SEARCH_PATHS = (
					"$(inherited)",
					"@executable_path/../Frameworks",
				);
				MACOSX_DEPLOYMENT_TARGET = 11.6;
				MARKETING_VERSION = 1.0;
				PRODUCT_BUNDLE_IDENTIFIER = com.wilcoxcurtis.ShowDictionary;
				PRODUCT_NAME = ShowDictionary;
				SDKROOT = macosx;
				SWIFT_EMIT_LOC_STRINGS = YES;
				SWIFT_VERSION = 5.0;
			};
			name = Debug;
		};
		D4093C56272890F900F41BBF /* Release */ = {
			isa = XCBuildConfiguration;
			buildSettings = {
				ASSETCATALOG_COMPILER_APPICON_NAME = AppIcon;
				ASSETCATALOG_COMPILER_GLOBAL_ACCENT_COLOR_NAME = AccentColor;
				CODE_SIGN_ENTITLEMENTS = macOS/macOS.entitlements;
				CODE_SIGN_STYLE = Automatic;
				COMBINE_HIDPI_IMAGES = YES;
				CURRENT_PROJECT_VERSION = 1;
				DEVELOPMENT_TEAM = RN9D88P79F;
				ENABLE_HARDENED_RUNTIME = YES;
				ENABLE_PREVIEWS = YES;
				GENERATE_INFOPLIST_FILE = YES;
				INFOPLIST_KEY_NSHumanReadableCopyright = "";
				LD_RUNPATH_SEARCH_PATHS = (
					"$(inherited)",
					"@executable_path/../Frameworks",
				);
				MACOSX_DEPLOYMENT_TARGET = 11.6;
				MARKETING_VERSION = 1.0;
				PRODUCT_BUNDLE_IDENTIFIER = com.wilcoxcurtis.ShowDictionary;
				PRODUCT_NAME = ShowDictionary;
				SDKROOT = macosx;
				SWIFT_EMIT_LOC_STRINGS = YES;
				SWIFT_VERSION = 5.0;
			};
			name = Release;
		};
/* End XCBuildConfiguration section */

/* Begin XCConfigurationList section */
		D4093C37272890F000F41BBF /* Build configuration list for PBXProject "ShowDictionary" */ = {
			isa = XCConfigurationList;
			buildConfigurations = (
				D4093C4F272890F900F41BBF /* Debug */,
				D4093C50272890F900F41BBF /* Release */,
			);
			defaultConfigurationIsVisible = 0;
			defaultConfigurationName = Release;
		};
		D4093C51272890F900F41BBF /* Build configuration list for PBXNativeTarget "ShowDictionary (iOS)" */ = {
			isa = XCConfigurationList;
			buildConfigurations = (
				D4093C52272890F900F41BBF /* Debug */,
				D4093C53272890F900F41BBF /* Release */,
			);
			defaultConfigurationIsVisible = 0;
			defaultConfigurationName = Release;
		};
		D4093C54272890F900F41BBF /* Build configuration list for PBXNativeTarget "ShowDictionary (macOS)" */ = {
			isa = XCConfigurationList;
			buildConfigurations = (
				D4093C55272890F900F41BBF /* Debug */,
				D4093C56272890F900F41BBF /* Release */,
			);
			defaultConfigurationIsVisible = 0;
			defaultConfigurationName = Release;
		};
/* End XCConfigurationList section */
	};
	rootObject = D4093C34272890F000F41BBF /* Project object */;
}
